
Microsoft Visual Studio Solution File, Format Version 12.00
# Visual Studio Version 17
VisualStudioVersion = 17.10.34916.146
MinimumVisualStudioVersion = 10.0.40219.1
Project("{FAE04EC0-301F-11D3-BF4B-00C04F79EFBC}") = "WebApplication1", "WebApplication1.csproj", "{D9A6E4BF-9CC2-456C-A758-E5475A49540D}"
EndProject
Global
	GlobalSection(SolutionConfigurationPlatforms) = preSolution
		Debug|Any CPU = Debug|Any CPU
		Release|Any CPU = Release|Any CPU
	EndGlobalSection
	GlobalSection(ProjectConfigurationPlatforms) = postSolution
		{D9A6E4BF-9CC2-456C-A758-E5475A49540D}.Debug|Any CPU.ActiveCfg = Debug|Any CPU
		{D9A6E4BF-9CC2-456C-A758-E5475A49540D}.Debug|Any CPU.Build.0 = Debug|Any CPU
		{D9A6E4BF-9CC2-456C-A758-E5475A49540D}.Release|Any CPU.ActiveCfg = Release|Any CPU
		{D9A6E4BF-9CC2-456C-A758-E5475A49540D}.Release|Any CPU.Build.0 = Release|Any CPU
	EndGlobalSection
	GlobalSection(SolutionProperties) = preSolution
		HideSolutionNode = FALSE
	EndGlobalSection
	GlobalSection(ExtensibilityGlobals) = postSolution
		SolutionGuid = {41573FDF-6FA0-4113-AFF3-E703AEDD4C2D}
	EndGlobalSection
EndGlobal
